<?xml version="1.0" encoding="utf-8"?>
<Project ToolsVersion="4.0" xmlns="http://schemas.microsoft.com/developer/msbuild/2003">
  <ItemGroup>
    <Image Include="..\..\..\..\Desktop\I.png">
      <Filter>piture</Filter>
    </Image>
    <Image Include="..\..\..\..\Desktop\lena.jpg">
      <Filter>piture</Filter>
    </Image>
    <Image Include="old.png">
      <Filter>piture</Filter>
    </Image>
    <Image Include="..\..\..\..\Desktop\opencv\breast.png">
      <Filter>piture</Filter>
    </Image>
    <Image Include="..\..\..\..\Desktop\opencv\skeleton.png">
      <Filter>piture</Filter>
    </Image>
    <Image Include="..\..\..\..\Desktop\opencv\street.png">
      <Filter>piture</Filter>
    </Image>
    <Image Include="..\..\..\..\Desktop\opencv\blood0.png">
      <Filter>piture</Filter>
    </Image>
    <Image Include="..\..\..\..\Desktop\opencv\blood1.png">
      <Filter>piture</Filter>
    </Image>
    <Image Include="..\..\..\..\Desktop\opencv\blood2.png">
      <Filter>piture</Filter>
    </Image>
    <Image Include="..\..\..\..\Desktop\opencv\blood3.png">
      <Filter>piture</Filter>
    </Image>
    <Image Include="..\..\..\..\Desktop\opencv\phobos.png">
      <Filter>piture</Filter>
    </Image>
    <Image Include="..\..\..\..\Desktop\opencv\earth.png">
      <Filter>piture</Filter>
    </Image>
    <Image Include="..\..\..\..\Desktop\opencv\house.png">
      <Filter>piture</Filter>
    </Image>
    <Image Include="..\..\..\..\Desktop\opencv\a.png">
      <Filter>piture</Filter>
    </Image>
    <Image Include="..\..\..\..\Desktop\opencv\zw.png">
      <Filter>piture</Filter>
    </Image>
    <Image Include="font1.png">
      <Filter>piture</Filter>
    </Image>
    <Image Include="font.png">
      <Filter>piture</Filter>
    </Image>
    <Image Include="man.png">
      <Filter>piture</Filter>
    </Image>
    <Image Include="..\..\..\..\Desktop\opencv\yuan.png">
      <Filter>piture</Filter>
    </Image>
    <Image Include="..\..\..\..\Desktop\opencv\chicken.png">
      <Filter>piture</Filter>
    </Image>
    <Image Include="fy.jpg">
      <Filter>piture</Filter>
    </Image>
    <Image Include="..\..\..\..\Desktop\opencv\shell.png">
      <Filter>piture</Filter>
    </Image>
    <Image Include="chicken.png">
      <Filter>piture</Filter>
    </Image>
    <Image Include="shell.png">
      <Filter>piture</Filter>
    </Image>
  </ItemGroup>
  <ItemGroup>
    <Filter Include="cufft">
      <UniqueIdentifier>{482919ab-9ec8-407c-8d3f-4cda30583e73}</UniqueIdentifier>
    </Filter>
    <Filter Include="image_scale">
      <UniqueIdentifier>{c5e7cf31-5ff0-495f-b6eb-b3bf65dcd6e6}</UniqueIdentifier>
    </Filter>
    <Filter Include="cudatool">
      <UniqueIdentifier>{ca9c2fe6-7360-4b10-8ae2-9b44f13b2665}</UniqueIdentifier>
    </Filter>
    <Filter Include="rotate">
      <UniqueIdentifier>{d0d3ad30-2c0d-415c-bb20-f4d35931da11}</UniqueIdentifier>
    </Filter>
    <Filter Include="opencv">
      <UniqueIdentifier>{41d92a1c-b226-4130-a6f3-8c4f42c5d5f1}</UniqueIdentifier>
    </Filter>
    <Filter Include="piture">
      <UniqueIdentifier>{4ec11fe1-bf7e-4325-8ef9-1fedeee08e95}</UniqueIdentifier>
    </Filter>
    <Filter Include="python">
      <UniqueIdentifier>{15f3ac72-39d7-4328-ade4-c337998c99bd}</UniqueIdentifier>
    </Filter>
  </ItemGroup>
  <ItemGroup>
    <CudaCompile Include="cufft.cu">
      <Filter>cufft</Filter>
    </CudaCompile>
    <CudaCompile Include="image_scale0.cu">
      <Filter>image_scale</Filter>
    </CudaCompile>
    <CudaCompile Include="image_scale1.cu">
      <Filter>image_scale</Filter>
    </CudaCompile>
    <CudaCompile Include="image_scale2.cu">
      <Filter>image_scale</Filter>
    </CudaCompile>
    <CudaCompile Include="image_rotate.cu">
      <Filter>rotate</Filter>
    </CudaCompile>
    <CudaCompile Include="morphology.cu">
      <Filter>opencv</Filter>
    </CudaCompile>
  </ItemGroup>
  <ItemGroup>
    <ClInclude Include="cufft.cuh">
      <Filter>cufft</Filter>
    </ClInclude>
    <ClInclude Include="image_scale.cuh">
      <Filter>image_scale</Filter>
    </ClInclude>
    <ClInclude Include="cudatool.cuh">
      <Filter>cudatool</Filter>
    </ClInclude>
    <ClInclude Include="math_cuda.cuh">
      <Filter>cudatool</Filter>
    </ClInclude>
    <ClInclude Include="image_rotate.cuh">
      <Filter>rotate</Filter>
    </ClInclude>
    <ClInclude Include="opencv_DFT.h">
      <Filter>opencv</Filter>
    </ClInclude>
    <ClInclude Include="opencv_chapter3.h">
      <Filter>opencv</Filter>
    </ClInclude>
    <ClInclude Include="opencv_chapter4.h">
      <Filter>opencv</Filter>
    </ClInclude>
    <ClInclude Include="opencv_DWT.h">
      <Filter>opencv</Filter>
    </ClInclude>
    <ClInclude Include="morphology.cuh">
      <Filter>opencv</Filter>
    </ClInclude>
  </ItemGroup>
  <ItemGroup>
    <ClCompile Include="mian.cpp" />
    <ClCompile Include="cudatool.cu">
      <Filter>cudatool</Filter>
    </ClCompile>
    <ClCompile Include="math_cuda.cu">
      <Filter>cudatool</Filter>
    </ClCompile>
    <ClCompile Include="opencv_DFT.cpp">
      <Filter>opencv</Filter>
    </ClCompile>
    <ClCompile Include="opencv_chapter3.cpp">
      <Filter>opencv</Filter>
    </ClCompile>
    <ClCompile Include="opencv_chapter4.cpp">
      <Filter>opencv</Filter>
    </ClCompile>
    <ClCompile Include="opencv_DWT.cpp">
      <Filter>opencv</Filter>
    </ClCompile>
  </ItemGroup>
  <ItemGroup>
    <None Include="..\..\..\..\IdeaProjects\hutu\.idea\Ringing_bell434 .py">
      <Filter>python</Filter>
    </None>
  </ItemGroup>
</Project>